
Microsoft Visual Studio Solution File, Format Version 12.00
# Visual Studio Version 16
VisualStudioVersion = 16.0.31424.327
MinimumVisualStudioVersion = 10.0.40219.1
Project("{9A19103F-16F7-4668-BE54-9A1E7A4F7556}") = "SolastaFontPatcher", "SolastaFontPatcher\SolastaFontPatcher.csproj", "{3C8AD3CB-F6E6-4AAC-869B-11854988352D}"
EndProject
Project("{FAE04EC0-301F-11D3-BF4B-00C04F79EFBC}") = "UnityAssetLib", "UnityAssetLib\UnityAssetLib\UnityAssetLib.csproj", "{D1727F48-2255-46B2-92BE-613BCF2201FE}"
EndProject
Project("{FAE04EC0-301F-11D3-BF4B-00C04F79EFBC}") = "SolastaLocaleTool", "SolastaLocaleTool\SolastaLocaleTool.csproj", "{E4C23C9D-A6CE-4BD0-BD6A-B671633DFCC0}"
EndProject
Global
	GlobalSection(SolutionConfigurationPlatforms) = preSolution
		Debug|Any CPU = Debug|Any CPU
		Release|Any CPU = Release|Any CPU
	EndGlobalSection
	GlobalSection(ProjectConfigurationPlatforms) = postSolution
		{3C8AD3CB-F6E6-4AAC-869B-11854988352D}.Debug|Any CPU.ActiveCfg = Debug|Any CPU
		{3C8AD3CB-F6E6-4AAC-869B-11854988352D}.Debug|Any CPU.Build.0 = Debug|Any CPU
		{3C8AD3CB-F6E6-4AAC-869B-11854988352D}.Release|Any CPU.ActiveCfg = Release|Any CPU
		{3C8AD3CB-F6E6-4AAC-869B-11854988352D}.Release|Any CPU.Build.0 = Release|Any CPU
		{D1727F48-2255-46B2-92BE-613BCF2201FE}.Debug|Any CPU.ActiveCfg = Debug|Any CPU
		{D1727F48-2255-46B2-92BE-613BCF2201FE}.Debug|Any CPU.Build.0 = Debug|Any CPU
		{D1727F48-2255-46B2-92BE-613BCF2201FE}.Release|Any CPU.ActiveCfg = Release|Any CPU
		{D1727F48-2255-46B2-92BE-613BCF2201FE}.Release|Any CPU.Build.0 = Release|Any CPU
		{E4C23C9D-A6CE-4BD0-BD6A-B671633DFCC0}.Debug|Any CPU.ActiveCfg = Debug|Any CPU
		{E4C23C9D-A6CE-4BD0-BD6A-B671633DFCC0}.Debug|Any CPU.Build.0 = Debug|Any CPU
		{E4C23C9D-A6CE-4BD0-BD6A-B671633DFCC0}.Release|Any CPU.ActiveCfg = Release|Any CPU
		{E4C23C9D-A6CE-4BD0-BD6A-B671633DFCC0}.Release|Any CPU.Build.0 = Release|Any CPU
	EndGlobalSection
	GlobalSection(SolutionProperties) = preSolution
		HideSolutionNode = FALSE
	EndGlobalSection
	GlobalSection(ExtensibilityGlobals) = postSolution
		SolutionGuid = {9A6BC405-7BE2-46D3-B39A-D4AA36D8C02B}
	EndGlobalSection
EndGlobal
